
Microsoft Visual Studio Solution File, Format Version 12.00
# Visual Studio 2013
VisualStudioVersion = 12.0.30723.0
MinimumVisualStudioVersion = 10.0.40219.1
Project("{8BC9CEB8-8B4A-11D0-8D11-00A0C91BC942}") = "Server", "Server\Server.vcxproj", "{4713B5AE-28C0-4930-BBC1-FFF4CB2503C6}"
	ProjectSection(ProjectDependencies) = postProject
		{7D0A34D4-A578-4667-BED8-084B60655D7A} = {7D0A34D4-A578-4667-BED8-084B60655D7A}
	EndProjectSection
EndProject
Project("{8BC9CEB8-8B4A-11D0-8D11-00A0C91BC942}") = "SFML Networking", "SFML Networking\SFML Networking.vcxproj", "{543D0AFD-1698-4E80-9232-2CE032DA68A6}"
	ProjectSection(ProjectDependencies) = postProject
		{7D0A34D4-A578-4667-BED8-084B60655D7A} = {7D0A34D4-A578-4667-BED8-084B60655D7A}
	EndProjectSection
EndProject
Project("{8BC9CEB8-8B4A-11D0-8D11-00A0C91BC942}") = "CommonLib", "CommonLib\CommonLib.vcxproj", "{7D0A34D4-A578-4667-BED8-084B60655D7A}"
EndProject
Project("{8BC9CEB8-8B4A-11D0-8D11-00A0C91BC942}") = "Dedicated Server", "Dedicated Server\Dedicated Server.vcxproj", "{67F85A7F-EFC8-48B3-9FD4-56F55B529015}"
	ProjectSection(ProjectDependencies) = postProject
		{4713B5AE-28C0-4930-BBC1-FFF4CB2503C6} = {4713B5AE-28C0-4930-BBC1-FFF4CB2503C6}
	EndProjectSection
EndProject
Global
	GlobalSection(SolutionConfigurationPlatforms) = preSolution
		Debug|Win32 = Debug|Win32
		Release|Win32 = Release|Win32
	EndGlobalSection
	GlobalSection(ProjectConfigurationPlatforms) = postSolution
		{4713B5AE-28C0-4930-BBC1-FFF4CB2503C6}.Debug|Win32.ActiveCfg = Debug|Win32
		{4713B5AE-28C0-4930-BBC1-FFF4CB2503C6}.Debug|Win32.Build.0 = Debug|Win32
		{4713B5AE-28C0-4930-BBC1-FFF4CB2503C6}.Release|Win32.ActiveCfg = Release|Win32
		{4713B5AE-28C0-4930-BBC1-FFF4CB2503C6}.Release|Win32.Build.0 = Release|Win32
		{543D0AFD-1698-4E80-9232-2CE032DA68A6}.Debug|Win32.ActiveCfg = Debug|Win32
		{543D0AFD-1698-4E80-9232-2CE032DA68A6}.Debug|Win32.Build.0 = Debug|Win32
		{543D0AFD-1698-4E80-9232-2CE032DA68A6}.Release|Win32.ActiveCfg = Release|Win32
		{543D0AFD-1698-4E80-9232-2CE032DA68A6}.Release|Win32.Build.0 = Release|Win32
		{7D0A34D4-A578-4667-BED8-084B60655D7A}.Debug|Win32.ActiveCfg = Debug|Win32
		{7D0A34D4-A578-4667-BED8-084B60655D7A}.Debug|Win32.Build.0 = Debug|Win32
		{7D0A34D4-A578-4667-BED8-084B60655D7A}.Release|Win32.ActiveCfg = Release|Win32
		{7D0A34D4-A578-4667-BED8-084B60655D7A}.Release|Win32.Build.0 = Release|Win32
		{67F85A7F-EFC8-48B3-9FD4-56F55B529015}.Debug|Win32.ActiveCfg = Debug|Win32
		{67F85A7F-EFC8-48B3-9FD4-56F55B529015}.Debug|Win32.Build.0 = Debug|Win32
		{67F85A7F-EFC8-48B3-9FD4-56F55B529015}.Release|Win32.ActiveCfg = Release|Win32
		{67F85A7F-EFC8-48B3-9FD4-56F55B529015}.Release|Win32.Build.0 = Release|Win32
	EndGlobalSection
	GlobalSection(SolutionProperties) = preSolution
		HideSolutionNode = FALSE
	EndGlobalSection
EndGlobal
